
Microsoft Visual Studio Solution File, Format Version 12.00
# Visual Studio 2012
Project("{FAE04EC0-301F-11D3-BF4B-00C04F79EFBC}") = "InstmasService", "InstmasService\InstmasService.csproj", "{5C1E2857-FAB2-4CE4-A4E7-413C4CF419C1}"
EndProject
Project("{FAE04EC0-301F-11D3-BF4B-00C04F79EFBC}") = "Instmas.Data", "Instmas.Data\Instmas.Data.csproj", "{9E521E45-0A29-4AD7-8A3D-436ECBC6FDB7}"
EndProject
Global
	GlobalSection(SolutionConfigurationPlatforms) = preSolution
		Debug|Any CPU = Debug|Any CPU
		Debug|ARM = Debug|ARM
		Debug|x64 = Debug|x64
		Debug|x86 = Debug|x86
		Release|Any CPU = Release|Any CPU
		Release|ARM = Release|ARM
		Release|x64 = Release|x64
		Release|x86 = Release|x86
	EndGlobalSection
	GlobalSection(ProjectConfigurationPlatforms) = postSolution
		{5C1E2857-FAB2-4CE4-A4E7-413C4CF419C1}.Debug|Any CPU.ActiveCfg = Debug|Any CPU
		{5C1E2857-FAB2-4CE4-A4E7-413C4CF419C1}.Debug|Any CPU.Build.0 = Debug|Any CPU
		{5C1E2857-FAB2-4CE4-A4E7-413C4CF419C1}.Debug|ARM.ActiveCfg = Debug|Any CPU
		{5C1E2857-FAB2-4CE4-A4E7-413C4CF419C1}.Debug|x64.ActiveCfg = Debug|Any CPU
		{5C1E2857-FAB2-4CE4-A4E7-413C4CF419C1}.Debug|x86.ActiveCfg = Debug|Any CPU
		{5C1E2857-FAB2-4CE4-A4E7-413C4CF419C1}.Release|Any CPU.ActiveCfg = Release|Any CPU
		{5C1E2857-FAB2-4CE4-A4E7-413C4CF419C1}.Release|Any CPU.Build.0 = Release|Any CPU
		{5C1E2857-FAB2-4CE4-A4E7-413C4CF419C1}.Release|ARM.ActiveCfg = Release|Any CPU
		{5C1E2857-FAB2-4CE4-A4E7-413C4CF419C1}.Release|x64.ActiveCfg = Release|Any CPU
		{5C1E2857-FAB2-4CE4-A4E7-413C4CF419C1}.Release|x86.ActiveCfg = Release|Any CPU
		{9E521E45-0A29-4AD7-8A3D-436ECBC6FDB7}.Debug|Any CPU.ActiveCfg = Debug|Any CPU
		{9E521E45-0A29-4AD7-8A3D-436ECBC6FDB7}.Debug|Any CPU.Build.0 = Debug|Any CPU
		{9E521E45-0A29-4AD7-8A3D-436ECBC6FDB7}.Debug|ARM.ActiveCfg = Debug|Any CPU
		{9E521E45-0A29-4AD7-8A3D-436ECBC6FDB7}.Debug|x64.ActiveCfg = Debug|Any CPU
		{9E521E45-0A29-4AD7-8A3D-436ECBC6FDB7}.Debug|x86.ActiveCfg = Debug|Any CPU
		{9E521E45-0A29-4AD7-8A3D-436ECBC6FDB7}.Release|Any CPU.ActiveCfg = Release|Any CPU
		{9E521E45-0A29-4AD7-8A3D-436ECBC6FDB7}.Release|Any CPU.Build.0 = Release|Any CPU
		{9E521E45-0A29-4AD7-8A3D-436ECBC6FDB7}.Release|ARM.ActiveCfg = Release|Any CPU
		{9E521E45-0A29-4AD7-8A3D-436ECBC6FDB7}.Release|x64.ActiveCfg = Release|Any CPU
		{9E521E45-0A29-4AD7-8A3D-436ECBC6FDB7}.Release|x86.ActiveCfg = Release|Any CPU
	EndGlobalSection
	GlobalSection(SolutionProperties) = preSolution
		HideSolutionNode = FALSE
	EndGlobalSection
EndGlobal
