
Microsoft Visual Studio Solution File, Format Version 12.00
# Visual Studio 2012
Project("{FAE04EC0-301F-11D3-BF4B-00C04F79EFBC}") = "InstmasService", "InstmasService\InstmasService.csproj", "{2F2F1DC5-C93E-49F0-8CF4-6CB72D26AE77}"
EndProject
Project("{FAE04EC0-301F-11D3-BF4B-00C04F79EFBC}") = "Instmas.Data", "Instmas.Data\Instmas.Data.csproj", "{781D0519-8C5D-4972-A27F-0E5A6E51B265}"
EndProject
Global
	GlobalSection(SolutionConfigurationPlatforms) = preSolution
		Debug|Any CPU = Debug|Any CPU
		Release|Any CPU = Release|Any CPU
	EndGlobalSection
	GlobalSection(ProjectConfigurationPlatforms) = postSolution
		{2F2F1DC5-C93E-49F0-8CF4-6CB72D26AE77}.Debug|Any CPU.ActiveCfg = Debug|Any CPU
		{2F2F1DC5-C93E-49F0-8CF4-6CB72D26AE77}.Debug|Any CPU.Build.0 = Debug|Any CPU
		{2F2F1DC5-C93E-49F0-8CF4-6CB72D26AE77}.Release|Any CPU.ActiveCfg = Release|Any CPU
		{2F2F1DC5-C93E-49F0-8CF4-6CB72D26AE77}.Release|Any CPU.Build.0 = Release|Any CPU
		{781D0519-8C5D-4972-A27F-0E5A6E51B265}.Debug|Any CPU.ActiveCfg = Debug|Any CPU
		{781D0519-8C5D-4972-A27F-0E5A6E51B265}.Debug|Any CPU.Build.0 = Debug|Any CPU
		{781D0519-8C5D-4972-A27F-0E5A6E51B265}.Release|Any CPU.ActiveCfg = Release|Any CPU
		{781D0519-8C5D-4972-A27F-0E5A6E51B265}.Release|Any CPU.Build.0 = Release|Any CPU
	EndGlobalSection
	GlobalSection(SolutionProperties) = preSolution
		HideSolutionNode = FALSE
	EndGlobalSection
EndGlobal
